// !$*UTF8*$!
{
	archiveVersion = 1;
	classes = {
	};
	objectVersion = 56;
	objects = {

/* Begin PBXBuildFile section */
		DEFE451B2B94822400CAC6A2 /* AppDelegate.swift in Sources */ = {isa = PBXBuildFile; fileRef = DEFE451A2B94822400CAC6A2 /* AppDelegate.swift */; };
		DEFE451D2B94822400CAC6A2 /* SceneDelegate.swift in Sources */ = {isa = PBXBuildFile; fileRef = DEFE451C2B94822400CAC6A2 /* SceneDelegate.swift */; };
		DEFE451F2B94822400CAC6A2 /* ViewController.swift in Sources */ = {isa = PBXBuildFile; fileRef = DEFE451E2B94822400CAC6A2 /* ViewController.swift */; };
		DEFE45222B94822400CAC6A2 /* Main.storyboard in Resources */ = {isa = PBXBuildFile; fileRef = DEFE45202B94822400CAC6A2 /* Main.storyboard */; };
		DEFE45242B94822500CAC6A2 /* Assets.xcassets in Resources */ = {isa = PBXBuildFile; fileRef = DEFE45232B94822500CAC6A2 /* Assets.xcassets */; };
		DEFE45272B94822500CAC6A2 /* LaunchScreen.storyboard in Resources */ = {isa = PBXBuildFile; fileRef = DEFE45252B94822500CAC6A2 /* LaunchScreen.storyboard */; };
		DEFE45322B94822600CAC6A2 /* CurrencyConverterAppSwiftTests.swift in Sources */ = {isa = PBXBuildFile; fileRef = DEFE45312B94822600CAC6A2 /* CurrencyConverterAppSwiftTests.swift */; };
		DEFE453C2B94822600CAC6A2 /* CurrencyConverterAppSwiftUITests.swift in Sources */ = {isa = PBXBuildFile; fileRef = DEFE453B2B94822600CAC6A2 /* CurrencyConverterAppSwiftUITests.swift */; };
		DEFE453E2B94822600CAC6A2 /* CurrencyConverterAppSwiftUITestsLaunchTests.swift in Sources */ = {isa = PBXBuildFile; fileRef = DEFE453D2B94822600CAC6A2 /* CurrencyConverterAppSwiftUITestsLaunchTests.swift */; };
/* End PBXBuildFile section */

/* Begin PBXContainerItemProxy section */
		DEFE452E2B94822600CAC6A2 /* PBXContainerItemProxy */ = {
			isa = PBXContainerItemProxy;
			containerPortal = DEFE450F2B94822400CAC6A2 /* Project object */;
			proxyType = 1;
			remoteGlobalIDString = DEFE45162B94822400CAC6A2;
			remoteInfo = CurrencyConverterAppSwift;
		};
		DEFE45382B94822600CAC6A2 /* PBXContainerItemProxy */ = {
			isa = PBXContainerItemProxy;
			containerPortal = DEFE450F2B94822400CAC6A2 /* Project object */;
			proxyType = 1;
			remoteGlobalIDString = DEFE45162B94822400CAC6A2;
			remoteInfo = CurrencyConverterAppSwift;
		};
/* End PBXContainerItemProxy section */

/* Begin PBXFileReference section */
		DEFE45172B94822400CAC6A2 /* CurrencyConverterAppSwift.app */ = {isa = PBXFileReference; explicitFileType = wrapper.application; includeInIndex = 0; path = CurrencyConverterAppSwift.app; sourceTree = BUILT_PRODUCTS_DIR; };
		DEFE451A2B94822400CAC6A2 /* AppDelegate.swift */ = {isa = PBXFileReference; lastKnownFileType = sourcecode.swift; path = AppDelegate.swift; sourceTree = "<group>"; };
		DEFE451C2B94822400CAC6A2 /* SceneDelegate.swift */ = {isa = PBXFileReference; lastKnownFileType = sourcecode.swift; path = SceneDelegate.swift; sourceTree = "<group>"; };
		DEFE451E2B94822400CAC6A2 /* ViewController.swift */ = {isa = PBXFileReference; lastKnownFileType = sourcecode.swift; path = ViewController.swift; sourceTree = "<group>"; };
		DEFE45212B94822400CAC6A2 /* Base */ = {isa = PBXFileReference; lastKnownFileType = file.storyboard; name = Base; path = Base.lproj/Main.storyboard; sourceTree = "<group>"; };
		DEFE45232B94822500CAC6A2 /* Assets.xcassets */ = {isa = PBXFileReference; lastKnownFileType = folder.assetcatalog; path = Assets.xcassets; sourceTree = "<group>"; };
		DEFE45262B94822500CAC6A2 /* Base */ = {isa = PBXFileReference; lastKnownFileType = file.storyboard; name = Base; path = Base.lproj/LaunchScreen.storyboard; sourceTree = "<group>"; };
		DEFE45282B94822500CAC6A2 /* Info.plist */ = {isa = PBXFileReference; lastKnownFileType = text.plist.xml; path = Info.plist; sourceTree = "<group>"; };
		DEFE452D2B94822600CAC6A2 /* CurrencyConverterAppSwiftTests.xctest */ = {isa = PBXFileReference; explicitFileType = wrapper.cfbundle; includeInIndex = 0; path = CurrencyConverterAppSwiftTests.xctest; sourceTree = BUILT_PRODUCTS_DIR; };
		DEFE45312B94822600CAC6A2 /* CurrencyConverterAppSwiftTests.swift */ = {isa = PBXFileReference; lastKnownFileType = sourcecode.swift; path = CurrencyConverterAppSwiftTests.swift; sourceTree = "<group>"; };
		DEFE45372B94822600CAC6A2 /* CurrencyConverterAppSwiftUITests.xctest */ = {isa = PBXFileReference; explicitFileType = wrapper.cfbundle; includeInIndex = 0; path = CurrencyConverterAppSwiftUITests.xctest; sourceTree = BUILT_PRODUCTS_DIR; };
		DEFE453B2B94822600CAC6A2 /* CurrencyConverterAppSwiftUITests.swift */ = {isa = PBXFileReference; lastKnownFileType = sourcecode.swift; path = CurrencyConverterAppSwiftUITests.swift; sourceTree = "<group>"; };
		DEFE453D2B94822600CAC6A2 /* CurrencyConverterAppSwiftUITestsLaunchTests.swift */ = {isa = PBXFileReference; lastKnownFileType = sourcecode.swift; path = CurrencyConverterAppSwiftUITestsLaunchTests.swift; sourceTree = "<group>"; };
/* End PBXFileReference section */

/* Begin PBXFrameworksBuildPhase section */
		DEFE45142B94822400CAC6A2 /* Frameworks */ = {
			isa = PBXFrameworksBuildPhase;
			buildActionMask = 2147483647;
			files = (
			);
			runOnlyForDeploymentPostprocessing = 0;
		};
		DEFE452A2B94822600CAC6A2 /* Frameworks */ = {
			isa = PBXFrameworksBuildPhase;
			buildActionMask = 2147483647;
			files = (
			);
			runOnlyForDeploymentPostprocessing = 0;
		};
		DEFE45342B94822600CAC6A2 /* Frameworks */ = {
			isa = PBXFrameworksBuildPhase;
			buildActionMask = 2147483647;
			files = (
			);
			runOnlyForDeploymentPostprocessing = 0;
		};
/* End PBXFrameworksBuildPhase section */

/* Begin PBXGroup section */
		DEFE450E2B94822400CAC6A2 = {
			isa = PBXGroup;
			children = (
				DEFE45192B94822400CAC6A2 /* CurrencyConverterAppSwift */,
				DEFE45302B94822600CAC6A2 /* CurrencyConverterAppSwiftTests */,
				DEFE453A2B94822600CAC6A2 /* CurrencyConverterAppSwiftUITests */,
				DEFE45182B94822400CAC6A2 /* Products */,
			);
			sourceTree = "<group>";
		};
		DEFE45182B94822400CAC6A2 /* Products */ = {
			isa = PBXGroup;
			children = (
				DEFE45172B94822400CAC6A2 /* CurrencyConverterAppSwift.app */,
				DEFE452D2B94822600CAC6A2 /* CurrencyConverterAppSwiftTests.xctest */,
				DEFE45372B94822600CAC6A2 /* CurrencyConverterAppSwiftUITests.xctest */,
			);
			name = Products;
			sourceTree = "<group>";
		};
		DEFE45192B94822400CAC6A2 /* CurrencyConverterAppSwift */ = {
			isa = PBXGroup;
			children = (
				DEFE451A2B94822400CAC6A2 /* AppDelegate.swift */,
				DEFE451C2B94822400CAC6A2 /* SceneDelegate.swift */,
				DEFE451E2B94822400CAC6A2 /* ViewController.swift */,
				DEFE45202B94822400CAC6A2 /* Main.storyboard */,
				DEFE45232B94822500CAC6A2 /* Assets.xcassets */,
				DEFE45252B94822500CAC6A2 /* LaunchScreen.storyboard */,
				DEFE45282B94822500CAC6A2 /* Info.plist */,
			);
			path = CurrencyConverterAppSwift;
			sourceTree = "<group>";
		};
		DEFE45302B94822600CAC6A2 /* CurrencyConverterAppSwiftTests */ = {
			isa = PBXGroup;
			children = (
				DEFE45312B94822600CAC6A2 /* CurrencyConverterAppSwiftTests.swift */,
			);
			path = CurrencyConverterAppSwiftTests;
			sourceTree = "<group>";
		};
		DEFE453A2B94822600CAC6A2 /* CurrencyConverterAppSwiftUITests */ = {
			isa = PBXGroup;
			children = (
				DEFE453B2B94822600CAC6A2 /* CurrencyConverterAppSwiftUITests.swift */,
				DEFE453D2B94822600CAC6A2 /* CurrencyConverterAppSwiftUITestsLaunchTests.swift */,
			);
			path = CurrencyConverterAppSwiftUITests;
			sourceTree = "<group>";
		};
/* End PBXGroup section */

/* Begin PBXNativeTarget section */
		DEFE45162B94822400CAC6A2 /* CurrencyConverterAppSwift */ = {
			isa = PBXNativeTarget;
			buildConfigurationList = DEFE45412B94822600CAC6A2 /* Build configuration list for PBXNativeTarget "CurrencyConverterAppSwift" */;
			buildPhases = (
				DEFE45132B94822400CAC6A2 /* Sources */,
				DEFE45142B94822400CAC6A2 /* Frameworks */,
				DEFE45152B94822400CAC6A2 /* Resources */,
			);
			buildRules = (
			);
			dependencies = (
			);
			name = CurrencyConverterAppSwift;
			productName = CurrencyConverterAppSwift;
			productReference = DEFE45172B94822400CAC6A2 /* CurrencyConverterAppSwift.app */;
			productType = "com.apple.product-type.application";
		};
		DEFE452C2B94822600CAC6A2 /* CurrencyConverterAppSwiftTests */ = {
			isa = PBXNativeTarget;
			buildConfigurationList = DEFE45442B94822600CAC6A2 /* Build configuration list for PBXNativeTarget "CurrencyConverterAppSwiftTests" */;
			buildPhases = (
				DEFE45292B94822600CAC6A2 /* Sources */,
				DEFE452A2B94822600CAC6A2 /* Frameworks */,
				DEFE452B2B94822600CAC6A2 /* Resources */,
			);
			buildRules = (
			);
			dependencies = (
				DEFE452F2B94822600CAC6A2 /* PBXTargetDependency */,
			);
			name = CurrencyConverterAppSwiftTests;
			productName = CurrencyConverterAppSwiftTests;
			productReference = DEFE452D2B94822600CAC6A2 /* CurrencyConverterAppSwiftTests.xctest */;
			productType = "com.apple.product-type.bundle.unit-test";
		};
		DEFE45362B94822600CAC6A2 /* CurrencyConverterAppSwiftUITests */ = {
			isa = PBXNativeTarget;
			buildConfigurationList = DEFE45472B94822600CAC6A2 /* Build configuration list for PBXNativeTarget "CurrencyConverterAppSwiftUITests" */;
			buildPhases = (
				DEFE45332B94822600CAC6A2 /* Sources */,
				DEFE45342B94822600CAC6A2 /* Frameworks */,
				DEFE45352B94822600CAC6A2 /* Resources */,
			);
			buildRules = (
			);
			dependencies = (
				DEFE45392B94822600CAC6A2 /* PBXTargetDependency */,
			);
			name = CurrencyConverterAppSwiftUITests;
			productName = CurrencyConverterAppSwiftUITests;
			productReference = DEFE45372B94822600CAC6A2 /* CurrencyConverterAppSwiftUITests.xctest */;
			productType = "com.apple.product-type.bundle.ui-testing";
		};
/* End PBXNativeTarget section */

/* Begin PBXProject section */
		DEFE450F2B94822400CAC6A2 /* Project object */ = {
			isa = PBXProject;
			attributes = {
				BuildIndependentTargetsInParallel = 1;
				LastSwiftUpdateCheck = 1520;
				LastUpgradeCheck = 1520;
				TargetAttributes = {
					DEFE45162B94822400CAC6A2 = {
						CreatedOnToolsVersion = 15.2;
					};
					DEFE452C2B94822600CAC6A2 = {
						CreatedOnToolsVersion = 15.2;
						TestTargetID = DEFE45162B94822400CAC6A2;
					};
					DEFE45362B94822600CAC6A2 = {
						CreatedOnToolsVersion = 15.2;
						TestTargetID = DEFE45162B94822400CAC6A2;
					};
				};
			};
			buildConfigurationList = DEFE45122B94822400CAC6A2 /* Build configuration list for PBXProject "CurrencyConverterAppSwift" */;
			compatibilityVersion = "Xcode 14.0";
			developmentRegion = en;
			hasScannedForEncodings = 0;
			knownRegions = (
				en,
				Base,
			);
			mainGroup = DEFE450E2B94822400CAC6A2;
			productRefGroup = DEFE45182B94822400CAC6A2 /* Products */;
			projectDirPath = "";
			projectRoot = "";
			targets = (
				DEFE45162B94822400CAC6A2 /* CurrencyConverterAppSwift */,
				DEFE452C2B94822600CAC6A2 /* CurrencyConverterAppSwiftTests */,
				DEFE45362B94822600CAC6A2 /* CurrencyConverterAppSwiftUITests */,
			);
		};
/* End PBXProject section */

/* Begin PBXResourcesBuildPhase section */
		DEFE45152B94822400CAC6A2 /* Resources */ = {
			isa = PBXResourcesBuildPhase;
			buildActionMask = 2147483647;
			files = (
				DEFE45272B94822500CAC6A2 /* LaunchScreen.storyboard in Resources */,
				DEFE45242B94822500CAC6A2 /* Assets.xcassets in Resources */,
				DEFE45222B94822400CAC6A2 /* Main.storyboard in Resources */,
			);
			runOnlyForDeploymentPostprocessing = 0;
		};
		DEFE452B2B94822600CAC6A2 /* Resources */ = {
			isa = PBXResourcesBuildPhase;
			buildActionMask = 2147483647;
			files = (
			);
			runOnlyForDeploymentPostprocessing = 0;
		};
		DEFE45352B94822600CAC6A2 /* Resources */ = {
			isa = PBXResourcesBuildPhase;
			buildActionMask = 2147483647;
			files = (
			);
			runOnlyForDeploymentPostprocessing = 0;
		};
/* End PBXResourcesBuildPhase section */

/* Begin PBXSourcesBuildPhase section */
		DEFE45132B94822400CAC6A2 /* Sources */ = {
			isa = PBXSourcesBuildPhase;
			buildActionMask = 2147483647;
			files = (
				DEFE451F2B94822400CAC6A2 /* ViewController.swift in Sources */,
				DEFE451B2B94822400CAC6A2 /* AppDelegate.swift in Sources */,
				DEFE451D2B94822400CAC6A2 /* SceneDelegate.swift in Sources */,
			);
			runOnlyForDeploymentPostprocessing = 0;
		};
		DEFE45292B94822600CAC6A2 /* Sources */ = {
			isa = PBXSourcesBuildPhase;
			buildActionMask = 2147483647;
			files = (
				DEFE45322B94822600CAC6A2 /* CurrencyConverterAppSwiftTests.swift in Sources */,
			);
			runOnlyForDeploymentPostprocessing = 0;
		};
		DEFE45332B94822600CAC6A2 /* Sources */ = {
			isa = PBXSourcesBuildPhase;
			buildActionMask = 2147483647;
			files = (
				DEFE453E2B94822600CAC6A2 /* CurrencyConverterAppSwiftUITestsLaunchTests.swift in Sources */,
				DEFE453C2B94822600CAC6A2 /* CurrencyConverterAppSwiftUITests.swift in Sources */,
			);
			runOnlyForDeploymentPostprocessing = 0;
		};
/* End PBXSourcesBuildPhase section */

/* Begin PBXTargetDependency section */
		DEFE452F2B94822600CAC6A2 /* PBXTargetDependency */ = {
			isa = PBXTargetDependency;
			target = DEFE45162B94822400CAC6A2 /* CurrencyConverterAppSwift */;
			targetProxy = DEFE452E2B94822600CAC6A2 /* PBXContainerItemProxy */;
		};
		DEFE45392B94822600CAC6A2 /* PBXTargetDependency */ = {
			isa = PBXTargetDependency;
			target = DEFE45162B94822400CAC6A2 /* CurrencyConverterAppSwift */;
			targetProxy = DEFE45382B94822600CAC6A2 /* PBXContainerItemProxy */;
		};
/* End PBXTargetDependency section */

/* Begin PBXVariantGroup section */
		DEFE45202B94822400CAC6A2 /* Main.storyboard */ = {
			isa = PBXVariantGroup;
			children = (
				DEFE45212B94822400CAC6A2 /* Base */,
			);
			name = Main.storyboard;
			sourceTree = "<group>";
		};
		DEFE45252B94822500CAC6A2 /* LaunchScreen.storyboard */ = {
			isa = PBXVariantGroup;
			children = (
				DEFE45262B94822500CAC6A2 /* Base */,
			);
			name = LaunchScreen.storyboard;
			sourceTree = "<group>";
		};
/* End PBXVariantGroup section */

/* Begin XCBuildConfiguration section */
		DEFE453F2B94822600CAC6A2 /* Debug */ = {
			isa = XCBuildConfiguration;
			buildSettings = {
				ALWAYS_SEARCH_USER_PATHS = NO;
				ASSETCATALOG_COMPILER_GENERATE_SWIFT_ASSET_SYMBOL_EXTENSIONS = YES;
				CLANG_ANALYZER_NONNULL = YES;
				CLANG_ANALYZER_NUMBER_OBJECT_CONVERSION = YES_AGGRESSIVE;
				CLANG_CXX_LANGUAGE_STANDARD = "gnu++20";
				CLANG_ENABLE_MODULES = YES;
				CLANG_ENABLE_OBJC_ARC = YES;
				CLANG_ENABLE_OBJC_WEAK = YES;
				CLANG_WARN_BLOCK_CAPTURE_AUTORELEASING = YES;
				CLANG_WARN_BOOL_CONVERSION = YES;
				CLANG_WARN_COMMA = YES;
				CLANG_WARN_CONSTANT_CONVERSION = YES;
				CLANG_WARN_DEPRECATED_OBJC_IMPLEMENTATIONS = YES;
				CLANG_WARN_DIRECT_OBJC_ISA_USAGE = YES_ERROR;
				CLANG_WARN_DOCUMENTATION_COMMENTS = YES;
				CLANG_WARN_EMPTY_BODY = YES;
				CLANG_WARN_ENUM_CONVERSION = YES;
				CLANG_WARN_INFINITE_RECURSION = YES;
				CLANG_WARN_INT_CONVERSION = YES;
				CLANG_WARN_NON_LITERAL_NULL_CONVERSION = YES;
				CLANG_WARN_OBJC_IMPLICIT_RETAIN_SELF = YES;
				CLANG_WARN_OBJC_LITERAL_CONVERSION = YES;
				CLANG_WARN_OBJC_ROOT_CLASS = YES_ERROR;
				CLANG_WARN_QUOTED_INCLUDE_IN_FRAMEWORK_HEADER = YES;
				CLANG_WARN_RANGE_LOOP_ANALYSIS = YES;
				CLANG_WARN_STRICT_PROTOTYPES = YES;
				CLANG_WARN_SUSPICIOUS_MOVE = YES;
				CLANG_WARN_UNGUARDED_AVAILABILITY = YES_AGGRESSIVE;
				CLANG_WARN_UNREACHABLE_CODE = YES;
				CLANG_WARN__DUPLICATE_METHOD_MATCH = YES;
				COPY_PHASE_STRIP = NO;
				DEBUG_INFORMATION_FORMAT = dwarf;
				ENABLE_STRICT_OBJC_MSGSEND = YES;
				ENABLE_TESTABILITY = YES;
				ENABLE_USER_SCRIPT_SANDBOXING = YES;
				GCC_C_LANGUAGE_STANDARD = gnu17;
				GCC_DYNAMIC_NO_PIC = NO;
				GCC_NO_COMMON_BLOCKS = YES;
				GCC_OPTIMIZATION_LEVEL = 0;
				GCC_PREPROCESSOR_DEFINITIONS = (
					"DEBUG=1",
					"$(inherited)",
				);
				GCC_WARN_64_TO_32_BIT_CONVERSION = YES;
				GCC_WARN_ABOUT_RETURN_TYPE = YES_ERROR;
				GCC_WARN_UNDECLARED_SELECTOR = YES;
				GCC_WARN_UNINITIALIZED_AUTOS = YES_AGGRESSIVE;
				GCC_WARN_UNUSED_FUNCTION = YES;
				GCC_WARN_UNUSED_VARIABLE = YES;
				IPHONEOS_DEPLOYMENT_TARGET = 17.2;
				LOCALIZATION_PREFERS_STRING_CATALOGS = YES;
				MTL_ENABLE_DEBUG_INFO = INCLUDE_SOURCE;
				MTL_FAST_MATH = YES;
				ONLY_ACTIVE_ARCH = YES;
				SDKROOT = iphoneos;
				SWIFT_ACTIVE_COMPILATION_CONDITIONS = "DEBUG $(inherited)";
				SWIFT_OPTIMIZATION_LEVEL = "-Onone";
			};
			name = Debug;
		};
		DEFE45402B94822600CAC6A2 /* Release */ = {
			isa = XCBuildConfiguration;
			buildSettings = {
				ALWAYS_SEARCH_USER_PATHS = NO;
				ASSETCATALOG_COMPILER_GENERATE_SWIFT_ASSET_SYMBOL_EXTENSIONS = YES;
				CLANG_ANALYZER_NONNULL = YES;
				CLANG_ANALYZER_NUMBER_OBJECT_CONVERSION = YES_AGGRESSIVE;
				CLANG_CXX_LANGUAGE_STANDARD = "gnu++20";
				CLANG_ENABLE_MODULES = YES;
				CLANG_ENABLE_OBJC_ARC = YES;
				CLANG_ENABLE_OBJC_WEAK = YES;
				CLANG_WARN_BLOCK_CAPTURE_AUTORELEASING = YES;
				CLANG_WARN_BOOL_CONVERSION = YES;
				CLANG_WARN_COMMA = YES;
				CLANG_WARN_CONSTANT_CONVERSION = YES;
				CLANG_WARN_DEPRECATED_OBJC_IMPLEMENTATIONS = YES;
				CLANG_WARN_DIRECT_OBJC_ISA_USAGE = YES_ERROR;
				CLANG_WARN_DOCUMENTATION_COMMENTS = YES;
				CLANG_WARN_EMPTY_BODY = YES;
				CLANG_WARN_ENUM_CONVERSION = YES;
				CLANG_WARN_INFINITE_RECURSION = YES;
				CLANG_WARN_INT_CONVERSION = YES;
				CLANG_WARN_NON_LITERAL_NULL_CONVERSION = YES;
				CLANG_WARN_OBJC_IMPLICIT_RETAIN_SELF = YES;
				CLANG_WARN_OBJC_LITERAL_CONVERSION = YES;
				CLANG_WARN_OBJC_ROOT_CLASS = YES_ERROR;
				CLANG_WARN_QUOTED_INCLUDE_IN_FRAMEWORK_HEADER = YES;
				CLANG_WARN_RANGE_LOOP_ANALYSIS = YES;
				CLANG_WARN_STRICT_PROTOTYPES = YES;
				CLANG_WARN_SUSPICIOUS_MOVE = YES;
				CLANG_WARN_UNGUARDED_AVAILABILITY = YES_AGGRESSIVE;
				CLANG_WARN_UNREACHABLE_CODE = YES;
				CLANG_WARN__DUPLICATE_METHOD_MATCH = YES;
				COPY_PHASE_STRIP = NO;
				DEBUG_INFORMATION_FORMAT = "dwarf-with-dsym";
				ENABLE_NS_ASSERTIONS = NO;
				ENABLE_STRICT_OBJC_MSGSEND = YES;
				ENABLE_USER_SCRIPT_SANDBOXING = YES;
				GCC_C_LANGUAGE_STANDARD = gnu17;
				GCC_NO_COMMON_BLOCKS = YES;
				GCC_WARN_64_TO_32_BIT_CONVERSION = YES;
				GCC_WARN_ABOUT_RETURN_TYPE = YES_ERROR;
				GCC_WARN_UNDECLARED_SELECTOR = YES;
				GCC_WARN_UNINITIALIZED_AUTOS = YES_AGGRESSIVE;
				GCC_WARN_UNUSED_FUNCTION = YES;
				GCC_WARN_UNUSED_VARIABLE = YES;
				IPHONEOS_DEPLOYMENT_TARGET = 17.2;
				LOCALIZATION_PREFERS_STRING_CATALOGS = YES;
				MTL_ENABLE_DEBUG_INFO = NO;
				MTL_FAST_MATH = YES;
				SDKROOT = iphoneos;
				SWIFT_COMPILATION_MODE = wholemodule;
				VALIDATE_PRODUCT = YES;
			};
			name = Release;
		};
		DEFE45422B94822600CAC6A2 /* Debug */ = {
			isa = XCBuildConfiguration;
			buildSettings = {
				ASSETCATALOG_COMPILER_APPICON_NAME = AppIcon;
				ASSETCATALOG_COMPILER_GLOBAL_ACCENT_COLOR_NAME = AccentColor;
				CODE_SIGN_STYLE = Automatic;
				CURRENT_PROJECT_VERSION = 1;
				GENERATE_INFOPLIST_FILE = YES;
				INFOPLIST_FILE = CurrencyConverterAppSwift/Info.plist;
				INFOPLIST_KEY_UIApplicationSupportsIndirectInputEvents = YES;
				INFOPLIST_KEY_UILaunchStoryboardName = LaunchScreen;
				INFOPLIST_KEY_UIMainStoryboardFile = Main;
				INFOPLIST_KEY_UISupportedInterfaceOrientations_iPad = "UIInterfaceOrientationPortrait UIInterfaceOrientationPortraitUpsideDown UIInterfaceOrientationLandscapeLeft UIInterfaceOrientationLandscapeRight";
				INFOPLIST_KEY_UISupportedInterfaceOrientations_iPhone = "UIInterfaceOrientationPortrait UIInterfaceOrientationLandscapeLeft UIInterfaceOrientationLandscapeRight";
				LD_RUNPATH_SEARCH_PATHS = (
					"$(inherited)",
					"@executable_path/Frameworks",
				);
				MARKETING_VERSION = 1.0;
				PRODUCT_BUNDLE_IDENTIFIER = com.eneskala.CurrencyConverterAppSwift;
				PRODUCT_NAME = "$(TARGET_NAME)";
				SWIFT_EMIT_LOC_STRINGS = YES;
				SWIFT_VERSION = 5.0;
				TARGETED_DEVICE_FAMILY = "1,2";
			};
			name = Debug;
		};
		DEFE45432B94822600CAC6A2 /* Release */ = {
			isa = XCBuildConfiguration;
			buildSettings = {
				ASSETCATALOG_COMPILER_APPICON_NAME = AppIcon;
				ASSETCATALOG_COMPILER_GLOBAL_ACCENT_COLOR_NAME = AccentColor;
				CODE_SIGN_STYLE = Automatic;
				CURRENT_PROJECT_VERSION = 1;
				GENERATE_INFOPLIST_FILE = YES;
				INFOPLIST_FILE = CurrencyConverterAppSwift/Info.plist;
				INFOPLIST_KEY_UIApplicationSupportsIndirectInputEvents = YES;
				INFOPLIST_KEY_UILaunchStoryboardName = LaunchScreen;
				INFOPLIST_KEY_UIMainStoryboardFile = Main;
				INFOPLIST_KEY_UISupportedInterfaceOrientations_iPad = "UIInterfaceOrientationPortrait UIInterfaceOrientationPortraitUpsideDown UIInterfaceOrientationLandscapeLeft UIInterfaceOrientationLandscapeRight";
				INFOPLIST_KEY_UISupportedInterfaceOrientations_iPhone = "UIInterfaceOrientationPortrait UIInterfaceOrientationLandscapeLeft UIInterfaceOrientationLandscapeRight";
				LD_RUNPATH_SEARCH_PATHS = (
					"$(inherited)",
					"@executable_path/Frameworks",
				);
				MARKETING_VERSION = 1.0;
				PRODUCT_BUNDLE_IDENTIFIER = com.eneskala.CurrencyConverterAppSwift;
				PRODUCT_NAME = "$(TARGET_NAME)";
				SWIFT_EMIT_LOC_STRINGS = YES;
				SWIFT_VERSION = 5.0;
				TARGETED_DEVICE_FAMILY = "1,2";
			};
			name = Release;
		};
		DEFE45452B94822600CAC6A2 /* Debug */ = {
			isa = XCBuildConfiguration;
			buildSettings = {
				ALWAYS_EMBED_SWIFT_STANDARD_LIBRARIES = YES;
				BUNDLE_LOADER = "$(TEST_HOST)";
				CODE_SIGN_STYLE = Automatic;
				CURRENT_PROJECT_VERSION = 1;
				GENERATE_INFOPLIST_FILE = YES;
				IPHONEOS_DEPLOYMENT_TARGET = 17.2;
				MARKETING_VERSION = 1.0;
				PRODUCT_BUNDLE_IDENTIFIER = com.eneskala.CurrencyConverterAppSwiftTests;
				PRODUCT_NAME = "$(TARGET_NAME)";
				SWIFT_EMIT_LOC_STRINGS = NO;
				SWIFT_VERSION = 5.0;
				TARGETED_DEVICE_FAMILY = "1,2";
				TEST_HOST = "$(BUILT_PRODUCTS_DIR)/CurrencyConverterAppSwift.app/$(BUNDLE_EXECUTABLE_FOLDER_PATH)/CurrencyConverterAppSwift";
			};
			name = Debug;
		};
		DEFE45462B94822600CAC6A2 /* Release */ = {
			isa = XCBuildConfiguration;
			buildSettings = {
				ALWAYS_EMBED_SWIFT_STANDARD_LIBRARIES = YES;
				BUNDLE_LOADER = "$(TEST_HOST)";
				CODE_SIGN_STYLE = Automatic;
				CURRENT_PROJECT_VERSION = 1;
				GENERATE_INFOPLIST_FILE = YES;
				IPHONEOS_DEPLOYMENT_TARGET = 17.2;
				MARKETING_VERSION = 1.0;
				PRODUCT_BUNDLE_IDENTIFIER = com.eneskala.CurrencyConverterAppSwiftTests;
				PRODUCT_NAME = "$(TARGET_NAME)";
				SWIFT_EMIT_LOC_STRINGS = NO;
				SWIFT_VERSION = 5.0;
				TARGETED_DEVICE_FAMILY = "1,2";
				TEST_HOST = "$(BUILT_PRODUCTS_DIR)/CurrencyConverterAppSwift.app/$(BUNDLE_EXECUTABLE_FOLDER_PATH)/CurrencyConverterAppSwift";
			};
			name = Release;
		};
		DEFE45482B94822600CAC6A2 /* Debug */ = {
			isa = XCBuildConfiguration;
			buildSettings = {
				ALWAYS_EMBED_SWIFT_STANDARD_LIBRARIES = YES;
				CODE_SIGN_STYLE = Automatic;
				CURRENT_PROJECT_VERSION = 1;
				GENERATE_INFOPLIST_FILE = YES;
				MARKETING_VERSION = 1.0;
				PRODUCT_BUNDLE_IDENTIFIER = com.eneskala.CurrencyConverterAppSwiftUITests;
				PRODUCT_NAME = "$(TARGET_NAME)";
				SWIFT_EMIT_LOC_STRINGS = NO;
				SWIFT_VERSION = 5.0;
				TARGETED_DEVICE_FAMILY = "1,2";
				TEST_TARGET_NAME = CurrencyConverterAppSwift;
			};
			name = Debug;
		};
		DEFE45492B94822600CAC6A2 /* Release */ = {
			isa = XCBuildConfiguration;
			buildSettings = {
				ALWAYS_EMBED_SWIFT_STANDARD_LIBRARIES = YES;
				CODE_SIGN_STYLE = Automatic;
				CURRENT_PROJECT_VERSION = 1;
				GENERATE_INFOPLIST_FILE = YES;
				MARKETING_VERSION = 1.0;
				PRODUCT_BUNDLE_IDENTIFIER = com.eneskala.CurrencyConverterAppSwiftUITests;
				PRODUCT_NAME = "$(TARGET_NAME)";
				SWIFT_EMIT_LOC_STRINGS = NO;
				SWIFT_VERSION = 5.0;
				TARGETED_DEVICE_FAMILY = "1,2";
				TEST_TARGET_NAME = CurrencyConverterAppSwift;
			};
			name = Release;
		};
/* End XCBuildConfiguration section */

/* Begin XCConfigurationList section */
		DEFE45122B94822400CAC6A2 /* Build configuration list for PBXProject "CurrencyConverterAppSwift" */ = {
			isa = XCConfigurationList;
			buildConfigurations = (
				DEFE453F2B94822600CAC6A2 /* Debug */,
				DEFE45402B94822600CAC6A2 /* Release */,
			);
			defaultConfigurationIsVisible = 0;
			defaultConfigurationName = Release;
		};
		DEFE45412B94822600CAC6A2 /* Build configuration list for PBXNativeTarget "CurrencyConverterAppSwift" */ = {
			isa = XCConfigurationList;
			buildConfigurations = (
				DEFE45422B94822600CAC6A2 /* Debug */,
				DEFE45432B94822600CAC6A2 /* Release */,
			);
			defaultConfigurationIsVisible = 0;
			defaultConfigurationName = Release;
		};
		DEFE45442B94822600CAC6A2 /* Build configuration list for PBXNativeTarget "CurrencyConverterAppSwiftTests" */ = {
			isa = XCConfigurationList;
			buildConfigurations = (
				DEFE45452B94822600CAC6A2 /* Debug */,
				DEFE45462B94822600CAC6A2 /* Release */,
			);
			defaultConfigurationIsVisible = 0;
			defaultConfigurationName = Release;
		};
		DEFE45472B94822600CAC6A2 /* Build configuration list for PBXNativeTarget "CurrencyConverterAppSwiftUITests" */ = {
			isa = XCConfigurationList;
			buildConfigurations = (
				DEFE45482B94822600CAC6A2 /* Debug */,
				DEFE45492B94822600CAC6A2 /* Release */,
			);
			defaultConfigurationIsVisible = 0;
			defaultConfigurationName = Release;
		};
/* End XCConfigurationList section */
	};
	rootObject = DEFE450F2B94822400CAC6A2 /* Project object */;
}
